// !$*UTF8*$!
{
	archiveVersion = 1;
	classes = {
	};
	objectVersion = 56;
	objects = {
		PRJ = {
			isa = PBXProject;
			mainGroup = MG_ROOT;
			targets = (
			);
		};
		MG_ROOT = {
			isa = PBXGroup;
			sourceTree = "<group>";
			children = (
			);
			attrs = { inner = { inner = { inner = { inner = { inner = { inner = { inner = { inner = { inner = { inner = { inner = { inner = { inner = { inner = { inner = { inner = { inner = { inner = { inner = { inner = { inner = { inner = { inner = { inner = { inner = { inner = { inner = { inner = { inner = { inner = { inner = { inner = { inner = { inner = { inner = { inner = { inner = { inner = { inner = { inner = { inner = { inner = { inner = { inner = { inner = { inner = { inner = { inner = { inner = { inner = { inner = { inner = { inner = { inner = { inner = { inner = { inner = { inner = { inner = { inner = { inner = { inner = leaf; }; }; }; }; }; }; }; }; }; }; }; }; }; }; }; }; }; }; }; }; }; }; }; }; }; }; }; }; }; }; }; }; }; }; }; }; }; }; }; }; }; }; }; }; }; }; }; }; }; }; }; }; }; }; }; }; }; }; }; }; }; };
		};
	};
	rootObject = PRJ;
}
