// !$*UTF8*$!
{
	archiveVersion = 1;
	classes = {
	};
	objectVersion = 56;
	objects = {
		PRJ = {
			isa = PBXProject;
			mainGroup = MG;
			targets = (
				TGT_APP,
			);
		};
		MG = {
			isa = PBXGroup;
			sourceTree = "<group>";
			children = (
			);
		};
		TGT_APP = {
			isa = PBXNativeTarget;
			name = "LoneHigh\UD800";
			productType = "com.apple.product-type.application";
			buildPhases = (
			);
			dependencies = (
			);
		};
	};
	rootObject = PRJ;
}
