// !$*UTF8*$!
{
	archiveVersion = 1;
	classes = {
	};
	objectVersion = 56;
	objects = {
		PRJ = {
			isa = PBXProject;
			mainGroup = MG_ROOT;
			targets = (
				TGT_APP,
			);
		};
		MG_ROOT = {
			isa = PBXGroup;
			sourceTree = "<group>";
			children = (
				SYNC_APP,
				SYNC_DERIVED,
				SYNC_UNOWNED,
			);
		};
		SYNC_APP = {
			isa = PBXFileSystemSynchronizedRootGroup;
			path = "App";
			sourceTree = "<group>";
		};
		SYNC_DERIVED = {
			isa = PBXFileSystemSynchronizedRootGroup;
			path = "DerivedData";
			sourceTree = "<group>";
		};
		SYNC_UNOWNED = {
			isa = PBXFileSystemSynchronizedRootGroup;
			path = "Pods";
			sourceTree = "<group>";
		};
		TGT_APP = {
			isa = PBXNativeTarget;
			name = "App";
			productType = "com.apple.product-type.application";
			fileSystemSynchronizedGroups = (
				SYNC_APP,
				SYNC_DERIVED,
			);
			buildPhases = (
			);
			dependencies = (
			);
		};
	};
	rootObject = PRJ;
}
